// !$*UTF8*$!
{
	archiveVersion = 1;
	classes = {
	};
	objectVersion = 50;
	objects = {

/* Begin PBXBuildFile section */
		1B42E70C2450956F00AD6489 /* AppDelegate.swift in Sources */ = {isa = PBXBuildFile; fileRef = 1B42E70B2450956F00AD6489 /* AppDelegate.swift */; };
		1B42E70E2450956F00AD6489 /* SceneDelegate.swift in Sources */ = {isa = PBXBuildFile; fileRef = 1B42E70D2450956F00AD6489 /* SceneDelegate.swift */; };
		1B42E7102450956F00AD6489 /* ViewController.swift in Sources */ = {isa = PBXBuildFile; fileRef = 1B42E70F2450956F00AD6489 /* ViewController.swift */; };
		1B42E7132450956F00AD6489 /* Main.storyboard in Resources */ = {isa = PBXBuildFile; fileRef = 1B42E7112450956F00AD6489 /* Main.storyboard */; };
		1B42E7162450956F00AD6489 /* Stock3.xcdatamodeld in Sources */ = {isa = PBXBuildFile; fileRef = 1B42E7142450956F00AD6489 /* Stock3.xcdatamodeld */; };
		1B42E7182450957000AD6489 /* Assets.xcassets in Resources */ = {isa = PBXBuildFile; fileRef = 1B42E7172450957000AD6489 /* Assets.xcassets */; };
		1B42E71B2450957000AD6489 /* LaunchScreen.storyboard in Resources */ = {isa = PBXBuildFile; fileRef = 1B42E7192450957000AD6489 /* LaunchScreen.storyboard */; };
		1B42E7262450957000AD6489 /* Stock3UITests.swift in Sources */ = {isa = PBXBuildFile; fileRef = 1B42E7252450957000AD6489 /* Stock3UITests.swift */; };
		1B9473EB24631E560026B85E /* StudentViewController.swift in Sources */ = {isa = PBXBuildFile; fileRef = 1B9473EA24631E560026B85E /* StudentViewController.swift */; };
/* End PBXBuildFile section */

/* Begin PBXContainerItemProxy section */
		1B42E7222450957000AD6489 /* PBXContainerItemProxy */ = {
			isa = PBXContainerItemProxy;
			containerPortal = 1B42E7002450956F00AD6489 /* Project object */;
			proxyType = 1;
			remoteGlobalIDString = 1B42E7072450956F00AD6489;
			remoteInfo = Stock3;
		};
/* End PBXContainerItemProxy section */

/* Begin PBXFileReference section */
		1B42E7082450956F00AD6489 /* Stock3.app */ = {isa = PBXFileReference; explicitFileType = wrapper.application; includeInIndex = 0; path = Stock3.app; sourceTree = BUILT_PRODUCTS_DIR; };
		1B42E70B2450956F00AD6489 /* AppDelegate.swift */ = {isa = PBXFileReference; lastKnownFileType = sourcecode.swift; path = AppDelegate.swift; sourceTree = "<group>"; };
		1B42E70D2450956F00AD6489 /* SceneDelegate.swift */ = {isa = PBXFileReference; lastKnownFileType = sourcecode.swift; path = SceneDelegate.swift; sourceTree = "<group>"; };
		1B42E70F2450956F00AD6489 /* ViewController.swift */ = {isa = PBXFileReference; lastKnownFileType = sourcecode.swift; path = ViewController.swift; sourceTree = "<group>"; };
		1B42E7122450956F00AD6489 /* Base */ = {isa = PBXFileReference; lastKnownFileType = file.storyboard; name = Base; path = Base.lproj/Main.storyboard; sourceTree = "<group>"; };
		1B42E7152450956F00AD6489 /* Stock3.xcdatamodel */ = {isa = PBXFileReference; lastKnownFileType = wrapper.xcdatamodel; path = Stock3.xcdatamodel; sourceTree = "<group>"; };
		1B42E7172450957000AD6489 /* Assets.xcassets */ = {isa = PBXFileReference; lastKnownFileType = folder.assetcatalog; path = Assets.xcassets; sourceTree = "<group>"; };
		1B42E71A2450957000AD6489 /* Base */ = {isa = PBXFileReference; lastKnownFileType = file.storyboard; name = Base; path = Base.lproj/LaunchScreen.storyboard; sourceTree = "<group>"; };
		1B42E71C2450957000AD6489 /* Info.plist */ = {isa = PBXFileReference; lastKnownFileType = text.plist.xml; path = Info.plist; sourceTree = "<group>"; };
		1B42E7212450957000AD6489 /* Stock3UITests.xctest */ = {isa = PBXFileReference; explicitFileType = wrapper.cfbundle; includeInIndex = 0; path = Stock3UITests.xctest; sourceTree = BUILT_PRODUCTS_DIR; };
		1B42E7252450957000AD6489 /* Stock3UITests.swift */ = {isa = PBXFileReference; lastKnownFileType = sourcecode.swift; path = Stock3UITests.swift; sourceTree = "<group>"; };
		1B42E7272450957000AD6489 /* Info.plist */ = {isa = PBXFileReference; lastKnownFileType = text.plist.xml; path = Info.plist; sourceTree = "<group>"; };
		1B9473EA24631E560026B85E /* StudentViewController.swift */ = {isa = PBXFileReference; lastKnownFileType = sourcecode.swift; path = StudentViewController.swift; sourceTree = "<group>"; };
/* End PBXFileReference section */

/* Begin PBXFrameworksBuildPhase section */
		1B42E7052450956F00AD6489 /* Frameworks */ = {
			isa = PBXFrameworksBuildPhase;
			buildActionMask = 2147483647;
			files = (
			);
			runOnlyForDeploymentPostprocessing = 0;
		};
		1B42E71E2450957000AD6489 /* Frameworks */ = {
			isa = PBXFrameworksBuildPhase;
			buildActionMask = 2147483647;
			files = (
			);
			runOnlyForDeploymentPostprocessing = 0;
		};
/* End PBXFrameworksBuildPhase section */

/* Begin PBXGroup section */
		1B42E6FF2450956F00AD6489 = {
			isa = PBXGroup;
			children = (
				1B42E70A2450956F00AD6489 /* Stock3 */,
				1B42E7242450957000AD6489 /* Stock3UITests */,
				1B42E7092450956F00AD6489 /* Products */,
			);
			sourceTree = "<group>";
		};
		1B42E7092450956F00AD6489 /* Products */ = {
			isa = PBXGroup;
			children = (
				1B42E7082450956F00AD6489 /* Stock3.app */,
				1B42E7212450957000AD6489 /* Stock3UITests.xctest */,
			);
			name = Products;
			sourceTree = "<group>";
		};
		1B42E70A2450956F00AD6489 /* Stock3 */ = {
			isa = PBXGroup;
			children = (
				1B42E70B2450956F00AD6489 /* AppDelegate.swift */,
				1B42E70D2450956F00AD6489 /* SceneDelegate.swift */,
				1B42E70F2450956F00AD6489 /* ViewController.swift */,
				1B9473EA24631E560026B85E /* StudentViewController.swift */,
				1B42E7112450956F00AD6489 /* Main.storyboard */,
				1B42E7172450957000AD6489 /* Assets.xcassets */,
				1B42E7192450957000AD6489 /* LaunchScreen.storyboard */,
				1B42E71C2450957000AD6489 /* Info.plist */,
				1B42E7142450956F00AD6489 /* Stock3.xcdatamodeld */,
			);
			path = Stock3;
			sourceTree = "<group>";
		};
		1B42E7242450957000AD6489 /* Stock3UITests */ = {
			isa = PBXGroup;
			children = (
				1B42E7252450957000AD6489 /* Stock3UITests.swift */,
				1B42E7272450957000AD6489 /* Info.plist */,
			);
			path = Stock3UITests;
			sourceTree = "<group>";
		};
/* End PBXGroup section */

/* Begin PBXNativeTarget section */
		1B42E7072450956F00AD6489 /* Stock3 */ = {
			isa = PBXNativeTarget;
			buildConfigurationList = 1B42E72A2450957000AD6489 /* Build configuration list for PBXNativeTarget "Stock3" */;
			buildPhases = (
				1B42E7042450956F00AD6489 /* Sources */,
				1B42E7052450956F00AD6489 /* Frameworks */,
				1B42E7062450956F00AD6489 /* Resources */,
			);
			buildRules = (
			);
			dependencies = (
			);
			name = Stock3;
			productName = Stock3;
			productReference = 1B42E7082450956F00AD6489 /* Stock3.app */;
			productType = "com.apple.product-type.application";
		};
		1B42E7202450957000AD6489 /* Stock3UITests */ = {
			isa = PBXNativeTarget;
			buildConfigurationList = 1B42E72D2450957000AD6489 /* Build configuration list for PBXNativeTarget "Stock3UITests" */;
			buildPhases = (
				1B42E71D2450957000AD6489 /* Sources */,
				1B42E71E2450957000AD6489 /* Frameworks */,
				1B42E71F2450957000AD6489 /* Resources */,
			);
			buildRules = (
			);
			dependencies = (
				1B42E7232450957000AD6489 /* PBXTargetDependency */,
			);
			name = Stock3UITests;
			productName = Stock3UITests;
			productReference = 1B42E7212450957000AD6489 /* Stock3UITests.xctest */;
			productType = "com.apple.product-type.bundle.ui-testing";
		};
/* End PBXNativeTarget section */

/* Begin PBXProject section */
		1B42E7002450956F00AD6489 /* Project object */ = {
			isa = PBXProject;
			attributes = {
				LastSwiftUpdateCheck = 1130;
				LastUpgradeCheck = 1130;
				ORGANIZATIONNAME = "Barbush, Jacob";
				TargetAttributes = {
					1B42E7072450956F00AD6489 = {
						CreatedOnToolsVersion = 11.3.1;
					};
					1B42E7202450957000AD6489 = {
						CreatedOnToolsVersion = 11.3.1;
						TestTargetID = 1B42E7072450956F00AD6489;
					};
				};
			};
			buildConfigurationList = 1B42E7032450956F00AD6489 /* Build configuration list for PBXProject "Stock3" */;
			compatibilityVersion = "Xcode 9.3";
			developmentRegion = en;
			hasScannedForEncodings = 0;
			knownRegions = (
				en,
				Base,
			);
			mainGroup = 1B42E6FF2450956F00AD6489;
			productRefGroup = 1B42E7092450956F00AD6489 /* Products */;
			projectDirPath = "";
			projectRoot = "";
			targets = (
				1B42E7072450956F00AD6489 /* Stock3 */,
				1B42E7202450957000AD6489 /* Stock3UITests */,
			);
		};
/* End PBXProject section */

/* Begin PBXResourcesBuildPhase section */
		1B42E7062450956F00AD6489 /* Resources */ = {
			isa = PBXResourcesBuildPhase;
			buildActionMask = 2147483647;
			files = (
				1B42E71B2450957000AD6489 /* LaunchScreen.storyboard in Resources */,
				1B42E7182450957000AD6489 /* Assets.xcassets in Resources */,
				1B42E7132450956F00AD6489 /* Main.storyboard in Resources */,
			);
			runOnlyForDeploymentPostprocessing = 0;
		};
		1B42E71F2450957000AD6489 /* Resources */ = {
			isa = PBXResourcesBuildPhase;
			buildActionMask = 2147483647;
			files = (
			);
			runOnlyForDeploymentPostprocessing = 0;
		};
/* End PBXResourcesBuildPhase section */

/* Begin PBXSourcesBuildPhase section */
		1B42E7042450956F00AD6489 /* Sources */ = {
			isa = PBXSourcesBuildPhase;
			buildActionMask = 2147483647;
			files = (
				1B9473EB24631E560026B85E /* StudentViewController.swift in Sources */,
				1B42E7102450956F00AD6489 /* ViewController.swift in Sources */,
				1B42E70C2450956F00AD6489 /* AppDelegate.swift in Sources */,
				1B42E7162450956F00AD6489 /* Stock3.xcdatamodeld in Sources */,
				1B42E70E2450956F00AD6489 /* SceneDelegate.swift in Sources */,
			);
			runOnlyForDeploymentPostprocessing = 0;
		};
		1B42E71D2450957000AD6489 /* Sources */ = {
			isa = PBXSourcesBuildPhase;
			buildActionMask = 2147483647;
			files = (
				1B42E7262450957000AD6489 /* Stock3UITests.swift in Sources */,
			);
			runOnlyForDeploymentPostprocessing = 0;
		};
/* End PBXSourcesBuildPhase section */

/* Begin PBXTargetDependency section */
		1B42E7232450957000AD6489 /* PBXTargetDependency */ = {
			isa = PBXTargetDependency;
			target = 1B42E7072450956F00AD6489 /* Stock3 */;
			targetProxy = 1B42E7222450957000AD6489 /* PBXContainerItemProxy */;
		};
/* End PBXTargetDependency section */

/* Begin PBXVariantGroup section */
		1B42E7112450956F00AD6489 /* Main.storyboard */ = {
			isa = PBXVariantGroup;
			children = (
				1B42E7122450956F00AD6489 /* Base */,
			);
			name = Main.storyboard;
			sourceTree = "<group>";
		};
		1B42E7192450957000AD6489 /* LaunchScreen.storyboard */ = {
			isa = PBXVariantGroup;
			children = (
				1B42E71A2450957000AD6489 /* Base */,
			);
			name = LaunchScreen.storyboard;
			sourceTree = "<group>";
		};
/* End PBXVariantGroup section */

/* Begin XCBuildConfiguration section */
		1B42E7282450957000AD6489 /* Debug */ = {
			isa = XCBuildConfiguration;
			buildSettings = {
				ALWAYS_SEARCH_USER_PATHS = NO;
				CLANG_ANALYZER_NONNULL = YES;
				CLANG_ANALYZER_NUMBER_OBJECT_CONVERSION = YES_AGGRESSIVE;
				CLANG_CXX_LANGUAGE_STANDARD = "gnu++14";
				CLANG_CXX_LIBRARY = "libc++";
				CLANG_ENABLE_MODULES = YES;
				CLANG_ENABLE_OBJC_ARC = YES;
				CLANG_ENABLE_OBJC_WEAK = YES;
				CLANG_WARN_BLOCK_CAPTURE_AUTORELEASING = YES;
				CLANG_WARN_BOOL_CONVERSION = YES;
				CLANG_WARN_COMMA = YES;
				CLANG_WARN_CONSTANT_CONVERSION = YES;
				CLANG_WARN_DEPRECATED_OBJC_IMPLEMENTATIONS = YES;
				CLANG_WARN_DIRECT_OBJC_ISA_USAGE = YES_ERROR;
				CLANG_WARN_DOCUMENTATION_COMMENTS = YES;
				CLANG_WARN_EMPTY_BODY = YES;
				CLANG_WARN_ENUM_CONVERSION = YES;
				CLANG_WARN_INFINITE_RECURSION = YES;
				CLANG_WARN_INT_CONVERSION = YES;
				CLANG_WARN_NON_LITERAL_NULL_CONVERSION = YES;
				CLANG_WARN_OBJC_IMPLICIT_RETAIN_SELF = YES;
				CLANG_WARN_OBJC_LITERAL_CONVERSION = YES;
				CLANG_WARN_OBJC_ROOT_CLASS = YES_ERROR;
				CLANG_WARN_RANGE_LOOP_ANALYSIS = YES;
				CLANG_WARN_STRICT_PROTOTYPES = YES;
				CLANG_WARN_SUSPICIOUS_MOVE = YES;
				CLANG_WARN_UNGUARDED_AVAILABILITY = YES_AGGRESSIVE;
				CLANG_WARN_UNREACHABLE_CODE = YES;
				CLANG_WARN__DUPLICATE_METHOD_MATCH = YES;
				COPY_PHASE_STRIP = NO;
				DEBUG_INFORMATION_FORMAT = dwarf;
				ENABLE_STRICT_OBJC_MSGSEND = YES;
				ENABLE_TESTABILITY = YES;
				GCC_C_LANGUAGE_STANDARD = gnu11;
				GCC_DYNAMIC_NO_PIC = NO;
				GCC_NO_COMMON_BLOCKS = YES;
				GCC_OPTIMIZATION_LEVEL = 0;
				GCC_PREPROCESSOR_DEFINITIONS = (
					"DEBUG=1",
					"$(inherited)",
				);
				GCC_WARN_64_TO_32_BIT_CONVERSION = YES;
				GCC_WARN_ABOUT_RETURN_TYPE = YES_ERROR;
				GCC_WARN_UNDECLARED_SELECTOR = YES;
				GCC_WARN_UNINITIALIZED_AUTOS = YES_AGGRESSIVE;
				GCC_WARN_UNUSED_FUNCTION = YES;
				GCC_WARN_UNUSED_VARIABLE = YES;
				IPHONEOS_DEPLOYMENT_TARGET = 13.2;
				MTL_ENABLE_DEBUG_INFO = INCLUDE_SOURCE;
				MTL_FAST_MATH = YES;
				ONLY_ACTIVE_ARCH = YES;
				SDKROOT = iphoneos;
				SWIFT_ACTIVE_COMPILATION_CONDITIONS = DEBUG;
				SWIFT_OPTIMIZATION_LEVEL = "-Onone";
			};
			name = Debug;
		};
		1B42E7292450957000AD6489 /* Release */ = {
			isa = XCBuildConfiguration;
			buildSettings = {
				ALWAYS_SEARCH_USER_PATHS = NO;
				CLANG_ANALYZER_NONNULL = YES;
				CLANG_ANALYZER_NUMBER_OBJECT_CONVERSION = YES_AGGRESSIVE;
				CLANG_CXX_LANGUAGE_STANDARD = "gnu++14";
				CLANG_CXX_LIBRARY = "libc++";
				CLANG_ENABLE_MODULES = YES;
				CLANG_ENABLE_OBJC_ARC = YES;
				CLANG_ENABLE_OBJC_WEAK = YES;
				CLANG_WARN_BLOCK_CAPTURE_AUTORELEASING = YES;
				CLANG_WARN_BOOL_CONVERSION = YES;
				CLANG_WARN_COMMA = YES;
				CLANG_WARN_CONSTANT_CONVERSION = YES;
				CLANG_WARN_DEPRECATED_OBJC_IMPLEMENTATIONS = YES;
				CLANG_WARN_DIRECT_OBJC_ISA_USAGE = YES_ERROR;
				CLANG_WARN_DOCUMENTATION_COMMENTS = YES;
				CLANG_WARN_EMPTY_BODY = YES;
				CLANG_WARN_ENUM_CONVERSION = YES;
				CLANG_WARN_INFINITE_RECURSION = YES;
				CLANG_WARN_INT_CONVERSION = YES;
				CLANG_WARN_NON_LITERAL_NULL_CONVERSION = YES;
				CLANG_WARN_OBJC_IMPLICIT_RETAIN_SELF = YES;
				CLANG_WARN_OBJC_LITERAL_CONVERSION = YES;
				CLANG_WARN_OBJC_ROOT_CLASS = YES_ERROR;
				CLANG_WARN_RANGE_LOOP_ANALYSIS = YES;
				CLANG_WARN_STRICT_PROTOTYPES = YES;
				CLANG_WARN_SUSPICIOUS_MOVE = YES;
				CLANG_WARN_UNGUARDED_AVAILABILITY = YES_AGGRESSIVE;
				CLANG_WARN_UNREACHABLE_CODE = YES;
				CLANG_WARN__DUPLICATE_METHOD_MATCH = YES;
				COPY_PHASE_STRIP = NO;
				DEBUG_INFORMATION_FORMAT = "dwarf-with-dsym";
				ENABLE_NS_ASSERTIONS = NO;
				ENABLE_STRICT_OBJC_MSGSEND = YES;
				GCC_C_LANGUAGE_STANDARD = gnu11;
				GCC_NO_COMMON_BLOCKS = YES;
				GCC_WARN_64_TO_32_BIT_CONVERSION = YES;
				GCC_WARN_ABOUT_RETURN_TYPE = YES_ERROR;
				GCC_WARN_UNDECLARED_SELECTOR = YES;
				GCC_WARN_UNINITIALIZED_AUTOS = YES_AGGRESSIVE;
				GCC_WARN_UNUSED_FUNCTION = YES;
				GCC_WARN_UNUSED_VARIABLE = YES;
				IPHONEOS_DEPLOYMENT_TARGET = 13.2;
				MTL_ENABLE_DEBUG_INFO = NO;
				MTL_FAST_MATH = YES;
				SDKROOT = iphoneos;
				SWIFT_COMPILATION_MODE = wholemodule;
				SWIFT_OPTIMIZATION_LEVEL = "-O";
				VALIDATE_PRODUCT = YES;
			};
			name = Release;
		};
		1B42E72B2450957000AD6489 /* Debug */ = {
			isa = XCBuildConfiguration;
			buildSettings = {
				ASSETCATALOG_COMPILER_APPICON_NAME = AppIcon;
				CODE_SIGN_STYLE = Automatic;
				INFOPLIST_FILE = Stock3/Info.plist;
				LD_RUNPATH_SEARCH_PATHS = (
					"$(inherited)",
					"@executable_path/Frameworks",
				);
				PRODUCT_BUNDLE_IDENTIFIER = edu.ilstu.jabarbu.Stock3;
				PRODUCT_NAME = "$(TARGET_NAME)";
				SWIFT_VERSION = 5.0;
				TARGETED_DEVICE_FAMILY = "1,2";
			};
			name = Debug;
		};
		1B42E72C2450957000AD6489 /* Release */ = {
			isa = XCBuildConfiguration;
			buildSettings = {
				ASSETCATALOG_COMPILER_APPICON_NAME = AppIcon;
				CODE_SIGN_STYLE = Automatic;
				INFOPLIST_FILE = Stock3/Info.plist;
				LD_RUNPATH_SEARCH_PATHS = (
					"$(inherited)",
					"@executable_path/Frameworks",
				);
				PRODUCT_BUNDLE_IDENTIFIER = edu.ilstu.jabarbu.Stock3;
				PRODUCT_NAME = "$(TARGET_NAME)";
				SWIFT_VERSION = 5.0;
				TARGETED_DEVICE_FAMILY = "1,2";
			};
			name = Release;
		};
		1B42E72E2450957000AD6489 /* Debug */ = {
			isa = XCBuildConfiguration;
			buildSettings = {
				ALWAYS_EMBED_SWIFT_STANDARD_LIBRARIES = YES;
				CODE_SIGN_STYLE = Automatic;
				INFOPLIST_FILE = Stock3UITests/Info.plist;
				LD_RUNPATH_SEARCH_PATHS = (
					"$(inherited)",
					"@executable_path/Frameworks",
					"@loader_path/Frameworks",
				);
				PRODUCT_BUNDLE_IDENTIFIER = edu.ilstu.jabarbu.Stock3UITests;
				PRODUCT_NAME = "$(TARGET_NAME)";
				SWIFT_VERSION = 5.0;
				TARGETED_DEVICE_FAMILY = "1,2";
				TEST_TARGET_NAME = Stock3;
			};
			name = Debug;
		};
		1B42E72F2450957000AD6489 /* Release */ = {
			isa = XCBuildConfiguration;
			buildSettings = {
				ALWAYS_EMBED_SWIFT_STANDARD_LIBRARIES = YES;
				CODE_SIGN_STYLE = Automatic;
				INFOPLIST_FILE = Stock3UITests/Info.plist;
				LD_RUNPATH_SEARCH_PATHS = (
					"$(inherited)",
					"@executable_path/Frameworks",
					"@loader_path/Frameworks",
				);
				PRODUCT_BUNDLE_IDENTIFIER = edu.ilstu.jabarbu.Stock3UITests;
				PRODUCT_NAME = "$(TARGET_NAME)";
				SWIFT_VERSION = 5.0;
				TARGETED_DEVICE_FAMILY = "1,2";
				TEST_TARGET_NAME = Stock3;
			};
			name = Release;
		};
/* End XCBuildConfiguration section */

/* Begin XCConfigurationList section */
		1B42E7032450956F00AD6489 /* Build configuration list for PBXProject "Stock3" */ = {
			isa = XCConfigurationList;
			buildConfigurations = (
				1B42E7282450957000AD6489 /* Debug */,
				1B42E7292450957000AD6489 /* Release */,
			);
			defaultConfigurationIsVisible = 0;
			defaultConfigurationName = Release;
		};
		1B42E72A2450957000AD6489 /* Build configuration list for PBXNativeTarget "Stock3" */ = {
			isa = XCConfigurationList;
			buildConfigurations = (
				1B42E72B2450957000AD6489 /* Debug */,
				1B42E72C2450957000AD6489 /* Release */,
			);
			defaultConfigurationIsVisible = 0;
			defaultConfigurationName = Release;
		};
		1B42E72D2450957000AD6489 /* Build configuration list for PBXNativeTarget "Stock3UITests" */ = {
			isa = XCConfigurationList;
			buildConfigurations = (
				1B42E72E2450957000AD6489 /* Debug */,
				1B42E72F2450957000AD6489 /* Release */,
			);
			defaultConfigurationIsVisible = 0;
			defaultConfigurationName = Release;
		};
/* End XCConfigurationList section */

/* Begin XCVersionGroup section */
		1B42E7142450956F00AD6489 /* Stock3.xcdatamodeld */ = {
			isa = XCVersionGroup;
			children = (
				1B42E7152450956F00AD6489 /* Stock3.xcdatamodel */,
			);
			currentVersion = 1B42E7152450956F00AD6489 /* Stock3.xcdatamodel */;
			path = Stock3.xcdatamodeld;
			sourceTree = "<group>";
			versionGroupType = wrapper.xcdatamodel;
		};
/* End XCVersionGroup section */
	};
	rootObject = 1B42E7002450956F00AD6489 /* Project object */;
}
